{
  "name": "prepros-project",
  "version": "1.0.0",
  "lockfileVersion": 1,
  "requires": true,
  "dependencies": {
    "@atproto/api": {
      "version": "0.12.29",
      "resolved": "https://registry.npmjs.org/@atproto/api/-/api-0.12.29.tgz",
      "integrity": "sha512-PyzPLjGWR0qNOMrmj3Nt3N5NuuANSgOk/33Bu3j+rFjjPrHvk9CI6iQPU6zuDaDCoyOTRJRafw8X/aMQw+ilgw==",
      "requires": {
        "@atproto/common-web": "^0.3.0",
        "@atproto/lexicon": "^0.4.0",
        "@atproto/syntax": "^0.3.0",
        "@atproto/xrpc": "^0.5.0",
        "await-lock": "^2.2.2",
        "multiformats": "^9.9.0",
        "tlds": "^1.234.0"
      }
    },
    "@atproto/common-web": {
      "version": "0.3.1",
      "resolved": "https://registry.npmjs.org/@atproto/common-web/-/common-web-0.3.1.tgz",
      "integrity": "sha512-N7wiTnus5vAr+lT//0y8m/FaHHLJ9LpGuEwkwDAeV3LCiPif4m/FS8x/QOYrx1PdZQwKso95RAPzCGWQBH5j6Q==",
      "requires": {
        "graphemer": "^1.4.0",
        "multiformats": "^9.9.0",
        "uint8arrays": "3.0.0",
        "zod": "^3.23.8"
      }
    },
    "@atproto/lexicon": {
      "version": "0.4.3",
      "resolved": "https://registry.npmjs.org/@atproto/lexicon/-/lexicon-0.4.3.tgz",
      "integrity": "sha512-lFVZXe1S1pJP0dcxvJuHP3r/a+EAIBwwU7jUK+r8iLhIja+ml6NmYv8KeFHmIJATh03spEQ9s02duDmFVdCoXg==",
      "requires": {
        "@atproto/common-web": "^0.3.1",
        "@atproto/syntax": "^0.3.1",
        "iso-datestring-validator": "^2.2.2",
        "multiformats": "^9.9.0",
        "zod": "^3.23.8"
      }
    },
    "@atproto/syntax": {
      "version": "0.3.1",
      "resolved": "https://registry.npmjs.org/@atproto/syntax/-/syntax-0.3.1.tgz",
      "integrity": "sha512-fzW0Mg1QUOVCWUD3RgEsDt6d1OZ6DdFmbKcDdbzUfh0t4rhtRAC05KbZYmxuMPWDAiJ4BbbQ5dkAc/mNypMXkw=="
    },
    "@atproto/xrpc": {
      "version": "0.5.0",
      "resolved": "https://registry.npmjs.org/@atproto/xrpc/-/xrpc-0.5.0.tgz",
      "integrity": "sha512-swu+wyOLvYW4l3n+VAuJbHcPcES+tin2Lsrp8Bw5aIXIICiuFn1YMFlwK9JwVUzTH21Py1s1nHEjr4CJeElJog==",
      "requires": {
        "@atproto/lexicon": "^0.4.0",
        "zod": "^3.21.4"
      }
    },
    "await-lock": {
      "version": "2.2.2",
      "resolved": "https://registry.npmjs.org/await-lock/-/await-lock-2.2.2.tgz",
      "integrity": "sha512-aDczADvlvTGajTDjcjpJMqRkOF6Qdz3YbPZm/PyW6tKPkx2hlYBzxMhEywM/tU72HrVZjgl5VCdRuMlA7pZ8Gw=="
    },
    "bsky-embed": {
      "version": "0.2.0",
      "resolved": "https://registry.npmjs.org/bsky-embed/-/bsky-embed-0.2.0.tgz",
      "integrity": "sha512-l6ihO6DJ1Nl9pnd+dQsP+v+7bxK4FpKBsw094fqs+HsdqFEvaVHifG2Ad7XviLgSFHkOVbYxci+v2APvVKEKxQ==",
      "requires": {
        "@atproto/api": "^0.12.5",
        "hls.js": "^0.8.5",
        "solid-element": "^1.8.0",
        "solid-js": "^1.8.17",
        "solid-styled-components": "^0.28.5"
      }
    },
    "component-register": {
      "version": "0.8.7",
      "resolved": "https://registry.npmjs.org/component-register/-/component-register-0.8.7.tgz",
      "integrity": "sha512-clPS/o1RNfJw7L1/w4q+nkj6l7JV32kFHCx6vW5nSPOEly4B9olMeADNilEgpLV/DdeS7y8JXhHKx9YvSj8vqQ=="
    },
    "csstype": {
      "version": "3.1.3",
      "resolved": "https://registry.npmjs.org/csstype/-/csstype-3.1.3.tgz",
      "integrity": "sha512-M1uQkMl8rQK/szD0LNhtqxIPLpimGm8sOBwU7lLnCpSbTyY3yeU1Vc7l4KT5zT4s/yOxHH5O7tIuuLOCnLADRw=="
    },
    "goober": {
      "version": "2.1.16",
      "resolved": "https://registry.npmjs.org/goober/-/goober-2.1.16.tgz",
      "integrity": "sha512-erjk19y1U33+XAMe1VTvIONHYoSqE4iS7BYUZfHaqeohLmnC0FdxEh7rQU+6MZ4OajItzjZFSRtVANrQwNq6/g=="
    },
    "graphemer": {
      "version": "1.4.0",
      "resolved": "https://registry.npmjs.org/graphemer/-/graphemer-1.4.0.tgz",
      "integrity": "sha512-EtKwoO6kxCL9WO5xipiHTZlSzBm7WLT627TqC/uVRd0HKmq8NXyebnNYxDoBi7wt8eTWrUrKXCOVaFq9x1kgag=="
    },
    "hls.js": {
      "version": "0.8.9",
      "resolved": "https://registry.npmjs.org/hls.js/-/hls.js-0.8.9.tgz",
      "integrity": "sha512-dquXM5LSBkg1cbFHaDJjUSMGIrVdho6OMdoviFybeEF19kYMpO0cpakv3jUAPqG6jKegjDGaTkOM9Ws5p878Cg==",
      "requires": {
        "url-toolkit": "^2.0.1"
      }
    },
    "iso-datestring-validator": {
      "version": "2.2.2",
      "resolved": "https://registry.npmjs.org/iso-datestring-validator/-/iso-datestring-validator-2.2.2.tgz",
      "integrity": "sha512-yLEMkBbLZTlVQqOnQ4FiMujR6T4DEcCb1xizmvXS+OxuhwcbtynoosRzdMA69zZCShCNAbi+gJ71FxZBBXx1SA=="
    },
    "multiformats": {
      "version": "9.9.0",
      "resolved": "https://registry.npmjs.org/multiformats/-/multiformats-9.9.0.tgz",
      "integrity": "sha512-HoMUjhH9T8DDBNT+6xzkrd9ga/XiBI4xLr58LJACwK6G3HTOPeMz4nB4KJs33L2BelrIJa7P0VuNaVF3hMYfjg=="
    },
    "seroval": {
      "version": "1.1.1",
      "resolved": "https://registry.npmjs.org/seroval/-/seroval-1.1.1.tgz",
      "integrity": "sha512-rqEO6FZk8mv7Hyv4UCj3FD3b6Waqft605TLfsCe/BiaylRpyyMC0b+uA5TJKawX3KzMrdi3wsLbCaLplrQmBvQ=="
    },
    "seroval-plugins": {
      "version": "1.1.1",
      "resolved": "https://registry.npmjs.org/seroval-plugins/-/seroval-plugins-1.1.1.tgz",
      "integrity": "sha512-qNSy1+nUj7hsCOon7AO4wdAIo9P0jrzAMp18XhiOzA6/uO5TKtP7ScozVJ8T293oRIvi5wyCHSM4TrJo/c/GJA=="
    },
    "solid-element": {
      "version": "1.9.1",
      "resolved": "https://registry.npmjs.org/solid-element/-/solid-element-1.9.1.tgz",
      "integrity": "sha512-baJy6Qz27oAUgkPlqOf3Y+7RsBiuVQrS51Nrh1ddDbrqrNPvJbIvehpUsTzLNFb2ZHIoHuNnDg330go/ZKcRdg==",
      "requires": {
        "component-register": "^0.8.7"
      }
    },
    "solid-js": {
      "version": "1.9.3",
      "resolved": "https://registry.npmjs.org/solid-js/-/solid-js-1.9.3.tgz",
      "integrity": "sha512-5ba3taPoZGt9GY3YlsCB24kCg0Lv/rie/HTD4kG6h4daZZz7+yK02xn8Vx8dLYBc9i6Ps5JwAbEiqjmKaLB3Ag==",
      "requires": {
        "csstype": "^3.1.0",
        "seroval": "^1.1.0",
        "seroval-plugins": "^1.1.0"
      }
    },
    "solid-styled-components": {
      "version": "0.28.5",
      "resolved": "https://registry.npmjs.org/solid-styled-components/-/solid-styled-components-0.28.5.tgz",
      "integrity": "sha512-vwTcdp76wZNnESIzB6rRZ3U55NgcSAQXCiiRIiEFhxTFqT0bEh/warNT1qaRZu4OkAzrBkViOngF35ktI8sc4A==",
      "requires": {
        "csstype": "^3.1.0",
        "goober": "^2.1.10"
      }
    },
    "tlds": {
      "version": "1.255.0",
      "resolved": "https://registry.npmjs.org/tlds/-/tlds-1.255.0.tgz",
      "integrity": "sha512-tcwMRIioTcF/FcxLev8MJWxCp+GUALRhFEqbDoZrnowmKSGqPrl5pqS+Sut2m8BgJ6S4FExCSSpGffZ0Tks6Aw=="
    },
    "uint8arrays": {
      "version": "3.0.0",
      "resolved": "https://registry.npmjs.org/uint8arrays/-/uint8arrays-3.0.0.tgz",
      "integrity": "sha512-HRCx0q6O9Bfbp+HHSfQQKD7wU70+lydKVt4EghkdOvlK/NlrF90z+eXV34mUd48rNvVJXwkrMSPpCATkct8fJA==",
      "requires": {
        "multiformats": "^9.4.2"
      }
    },
    "url-toolkit": {
      "version": "2.2.5",
      "resolved": "https://registry.npmjs.org/url-toolkit/-/url-toolkit-2.2.5.tgz",
      "integrity": "sha512-mtN6xk+Nac+oyJ/PrI7tzfmomRVNFIWKUbG8jdYFt52hxbiReFAXIjYskvu64/dvuW71IcB7lV8l0HvZMac6Jg=="
    },
    "zod": {
      "version": "3.23.8",
      "resolved": "https://registry.npmjs.org/zod/-/zod-3.23.8.tgz",
      "integrity": "sha512-XBx9AXhXktjUqnepgTiE5flcKIYWi/rme0Eaj+5Y0lftuGBq+jyRu/md4WnuxqgP1ubdpNCsYEYPxrzVHD8d6g=="
    }
  }
}
